
Microsoft Visual Studio Solution File, Format Version 12.00
# Visual Studio Version 17
VisualStudioVersion = 17.4.33213.308
MinimumVisualStudioVersion = 10.0.40219.1
Project("{FAE04EC0-301F-11D3-BF4B-00C04F79EFBC}") = "loginWForms", "loginWForms\loginWForms.csproj", "{DC451A62-FEB5-488D-BCF7-291529C8B1FE}"
EndProject
Global
	GlobalSection(SolutionConfigurationPlatforms) = preSolution
		Debug|Any CPU = Debug|Any CPU
		Release|Any CPU = Release|Any CPU
	EndGlobalSection
	GlobalSection(ProjectConfigurationPlatforms) = postSolution
		{DC451A62-FEB5-488D-BCF7-291529C8B1FE}.Debug|Any CPU.ActiveCfg = Debug|Any CPU
		{DC451A62-FEB5-488D-BCF7-291529C8B1FE}.Debug|Any CPU.Build.0 = Debug|Any CPU
		{DC451A62-FEB5-488D-BCF7-291529C8B1FE}.Release|Any CPU.ActiveCfg = Release|Any CPU
		{DC451A62-FEB5-488D-BCF7-291529C8B1FE}.Release|Any CPU.Build.0 = Release|Any CPU
	EndGlobalSection
	GlobalSection(SolutionProperties) = preSolution
		HideSolutionNode = FALSE
	EndGlobalSection
	GlobalSection(ExtensibilityGlobals) = postSolution
		SolutionGuid = {0A5E66C5-31DA-425E-9C75-29567BB6D396}
	EndGlobalSection
EndGlobal
